{
  "name": "my-portfolio",
  "version": "0.1.0",
  "lockfileVersion": 3,
  "requires": true,
  "packages": {
    "": {
      "name": "my-portfolio",
      "version": "0.1.0",
      "dependencies": {
        "@testing-library/jest-dom": "^5.17.0",
        "@testing-library/react": "^13.4.0",
        "@testing-library/user-event": "^13.5.0",
        "bootstrap": "^5.3.3",
        "bootstrap-icons": "^1.11.3",
        "react": "^18.3.1",
        "react-dom": "^18.3.1",
        "react-router-dom": "^6.23.0",
        "react-scripts": "5.0.1",
        "react-transition-group": "^4.4.5",
        "web-vitals": "^2.1.4"
      }
    },
    "node_modules/@babel/core": {
      "version": "7.24.5",
      "resolved": "https://registry.npmjs.org/@babel/core/-/core-7.24.5.tgz",
      "integrity": "sha512-tVQRucExLQ02Boi4vdPp49svNGcfL2GhdTCT9aldhXgCJVAI21EtRfBettiuLUwce/7r6bFdgs6JFkcdTiFttA==",
      "dependencies": {
        "@babel/code-frame": "^7.24.2",
        "@babel/generator": "^7.24.5",
        "@babel/helper-compilation-targets": "^7.23.6",
        "@babel/helper-module-transforms": "^7.24.5",
        "@babel/helpers": "^7.24.5",
        "@babel/parser": "^7.24.5",
        "@babel/template": "^7.24.0",
        "@babel/traverse": "^7.24.5",
        "@babel/types": "^7.24.5",
        "convert-source-map": "^2.0.0",
        "debug": "^4.1.0",
        "gensync": "^1.0.0-beta.2",
        "json5": "^2.2.3",
        "semver": "^6.3.1"
      }
    }
  }
}
